
Microsoft Visual Studio Solution File, Format Version 12.00
# Visual Studio Version 16
VisualStudioVersion = 16.0.29021.104
MinimumVisualStudioVersion = 10.0.40219.1
Project("{9A19103F-16F7-4668-BE54-9A1E7A4F7556}") = "Common", "src\Common\Common.csproj", "{5656AF6F-0CA8-4C6F-AB23-A51895EB5B50}"
EndProject
Project("{9A19103F-16F7-4668-BE54-9A1E7A4F7556}") = "OpenGraphTilemaker", "src\OpenGraphTilemaker\OpenGraphTilemaker.csproj", "{9AC61145-C7BC-4A25-A802-633BC81C60F0}"
EndProject
Project("{2150E333-8FDC-42A3-9474-1A3956D46DE8}") = "Tests", "Tests", "{09FEECE9-ED4E-4157-8D74-2523495CC60F}"
EndProject
Project("{9A19103F-16F7-4668-BE54-9A1E7A4F7556}") = "BaseTestCode", "tests\BaseTestCode\BaseTestCode.csproj", "{EB4AB1E5-58B6-400E-88D6-3C84027DCE7D}"
EndProject
Project("{9A19103F-16F7-4668-BE54-9A1E7A4F7556}") = "Common.Tests", "tests\Common.Tests\Common.Tests.csproj", "{89DF4061-2955-4017-A0ED-EF5119AB5EF3}"
EndProject
Project("{9A19103F-16F7-4668-BE54-9A1E7A4F7556}") = "OpenGraphTilemaker.Tests", "tests\OpenGraphTilemaker.Tests\OpenGraphTilemaker.Tests.csproj", "{473A204E-6C3F-4C28-977E-5BA3ABC66EB3}"
EndProject
Project("{9A19103F-16F7-4668-BE54-9A1E7A4F7556}") = "Experiment.Tests", "tests\Experiment.Tests\Experiment.Tests.csproj", "{794944BE-577B-4AF1-A706-C3916CB7C65C}"
EndProject
Project("{2150E333-8FDC-42A3-9474-1A3956D46DE8}") = "SolutionFolder", "SolutionFolder", "{BD66E03F-E41E-443A-BEA6-495E97329B03}"
	ProjectSection(SolutionItems) = preProject
		.editorconfig = .editorconfig
		azure-pipelines.yml = azure-pipelines.yml
		Build.ps1 = Build.ps1
		.github\dependabot.yml = .github\dependabot.yml
		Directory.Build.props = Directory.Build.props
		global.install.ps1 = global.install.ps1
		License.txt = License.txt
		README.md = README.md
		Solution.debug.ruleset = Solution.debug.ruleset
		Solution.Dictionary.xml = Solution.Dictionary.xml
		Solution.ruleset = Solution.ruleset
		StyleCop.json = StyleCop.json
		Test.ps1 = Test.ps1
	EndProjectSection
EndProject
Project("{9A19103F-16F7-4668-BE54-9A1E7A4F7556}") = "Experiment", "src\Experiment\Experiment.csproj", "{21ED43D6-94A6-4B5C-9905-42954376FA14}"
EndProject
Global
	GlobalSection(SolutionConfigurationPlatforms) = preSolution
		Debug|Any CPU = Debug|Any CPU
		Release|Any CPU = Release|Any CPU
	EndGlobalSection
	GlobalSection(ProjectConfigurationPlatforms) = postSolution
		{5656AF6F-0CA8-4C6F-AB23-A51895EB5B50}.Debug|Any CPU.ActiveCfg = Debug|Any CPU
		{5656AF6F-0CA8-4C6F-AB23-A51895EB5B50}.Debug|Any CPU.Build.0 = Debug|Any CPU
		{5656AF6F-0CA8-4C6F-AB23-A51895EB5B50}.Release|Any CPU.ActiveCfg = Release|Any CPU
		{5656AF6F-0CA8-4C6F-AB23-A51895EB5B50}.Release|Any CPU.Build.0 = Release|Any CPU
		{9AC61145-C7BC-4A25-A802-633BC81C60F0}.Debug|Any CPU.ActiveCfg = Debug|Any CPU
		{9AC61145-C7BC-4A25-A802-633BC81C60F0}.Debug|Any CPU.Build.0 = Debug|Any CPU
		{9AC61145-C7BC-4A25-A802-633BC81C60F0}.Release|Any CPU.ActiveCfg = Release|Any CPU
		{9AC61145-C7BC-4A25-A802-633BC81C60F0}.Release|Any CPU.Build.0 = Release|Any CPU
		{EB4AB1E5-58B6-400E-88D6-3C84027DCE7D}.Debug|Any CPU.ActiveCfg = Debug|Any CPU
		{EB4AB1E5-58B6-400E-88D6-3C84027DCE7D}.Debug|Any CPU.Build.0 = Debug|Any CPU
		{EB4AB1E5-58B6-400E-88D6-3C84027DCE7D}.Release|Any CPU.ActiveCfg = Release|Any CPU
		{EB4AB1E5-58B6-400E-88D6-3C84027DCE7D}.Release|Any CPU.Build.0 = Release|Any CPU
		{89DF4061-2955-4017-A0ED-EF5119AB5EF3}.Debug|Any CPU.ActiveCfg = Debug|Any CPU
		{89DF4061-2955-4017-A0ED-EF5119AB5EF3}.Debug|Any CPU.Build.0 = Debug|Any CPU
		{89DF4061-2955-4017-A0ED-EF5119AB5EF3}.Release|Any CPU.ActiveCfg = Release|Any CPU
		{89DF4061-2955-4017-A0ED-EF5119AB5EF3}.Release|Any CPU.Build.0 = Release|Any CPU
		{473A204E-6C3F-4C28-977E-5BA3ABC66EB3}.Debug|Any CPU.ActiveCfg = Debug|Any CPU
		{473A204E-6C3F-4C28-977E-5BA3ABC66EB3}.Debug|Any CPU.Build.0 = Debug|Any CPU
		{473A204E-6C3F-4C28-977E-5BA3ABC66EB3}.Release|Any CPU.ActiveCfg = Release|Any CPU
		{473A204E-6C3F-4C28-977E-5BA3ABC66EB3}.Release|Any CPU.Build.0 = Release|Any CPU
		{794944BE-577B-4AF1-A706-C3916CB7C65C}.Debug|Any CPU.ActiveCfg = Debug|Any CPU
		{794944BE-577B-4AF1-A706-C3916CB7C65C}.Debug|Any CPU.Build.0 = Debug|Any CPU
		{794944BE-577B-4AF1-A706-C3916CB7C65C}.Release|Any CPU.ActiveCfg = Release|Any CPU
		{794944BE-577B-4AF1-A706-C3916CB7C65C}.Release|Any CPU.Build.0 = Release|Any CPU
		{21ED43D6-94A6-4B5C-9905-42954376FA14}.Debug|Any CPU.ActiveCfg = Debug|Any CPU
		{21ED43D6-94A6-4B5C-9905-42954376FA14}.Debug|Any CPU.Build.0 = Debug|Any CPU
		{21ED43D6-94A6-4B5C-9905-42954376FA14}.Release|Any CPU.ActiveCfg = Release|Any CPU
		{21ED43D6-94A6-4B5C-9905-42954376FA14}.Release|Any CPU.Build.0 = Release|Any CPU
	EndGlobalSection
	GlobalSection(SolutionProperties) = preSolution
		HideSolutionNode = FALSE
	EndGlobalSection
	GlobalSection(NestedProjects) = preSolution
		{EB4AB1E5-58B6-400E-88D6-3C84027DCE7D} = {09FEECE9-ED4E-4157-8D74-2523495CC60F}
		{89DF4061-2955-4017-A0ED-EF5119AB5EF3} = {09FEECE9-ED4E-4157-8D74-2523495CC60F}
		{473A204E-6C3F-4C28-977E-5BA3ABC66EB3} = {09FEECE9-ED4E-4157-8D74-2523495CC60F}
		{794944BE-577B-4AF1-A706-C3916CB7C65C} = {09FEECE9-ED4E-4157-8D74-2523495CC60F}
	EndGlobalSection
	GlobalSection(ExtensibilityGlobals) = postSolution
		SolutionGuid = {BE4F462C-412D-4B22-B4C8-3E2949ADB57D}
	EndGlobalSection
EndGlobal
