{
  "name": "opengraphtilemaker",
  "version": "1.0.0",
  "lockfileVersion": 1,
  "requires": true,
  "dependencies": {
    "bootstrap": {
      "version": "4.1.3",
      "resolved": "https://registry.npmjs.org/bootstrap/-/bootstrap-4.1.3.tgz",
      "integrity": "sha512-rDFIzgXcof0jDyjNosjv4Sno77X4KuPeFxG2XZZv1/Kc8DRVGVADdoQyyOVDwPqL36DDmtCQbrpMCqvpPLJQ0w==",
      "dev": true
    },
    "daemonite-material": {
      "version": "4.1.1",
      "resolved": "https://registry.npmjs.org/daemonite-material/-/daemonite-material-4.1.1.tgz",
      "integrity": "sha512-nVndyv5KzxxGOnU+JbYJd+6zTdYtcmQPMKp91X6nEAiBSAJdXh2bv933AhVuP53QxYhpHfcc4CN5Zc6kb6C0wg==",
      "dev": true
    }
  }
}
