{
  "name": "opengraphtilemaker",
  "version": "1.0.0",
  "lockfileVersion": 1,
  "requires": true,
  "dependencies": {
    "bootstrap": {
      "version": "4.1.3",
      "resolved": "https://registry.npmjs.org/bootstrap/-/bootstrap-4.1.3.tgz",
      "integrity": "sha512-rDFIzgXcof0jDyjNosjv4Sno77X4KuPeFxG2XZZv1/Kc8DRVGVADdoQyyOVDwPqL36DDmtCQbrpMCqvpPLJQ0w==",
      "dev": true
    },
    "bootstrap-tooltip": {
      "version": "3.1.1",
      "resolved": "https://registry.npmjs.org/bootstrap-tooltip/-/bootstrap-tooltip-3.1.1.tgz",
      "integrity": "sha1-bwO9/9/Dl+drB4KEc9HuPnvf5Fw=",
      "dev": true,
      "requires": {
        "jquery": "~2.1.0"
      }
    },
    "foundation-sites": {
      "version": "6.5.0",
      "resolved": "https://registry.npmjs.org/foundation-sites/-/foundation-sites-6.5.0.tgz",
      "integrity": "sha512-iV7+/4GxR4lQKxUh7geY6dxUSKbn6w+vbZzeG8U7JiTqStfPtTS+jaepKymw5OhrmD4BYpshyDktUiEshlY60g==",
      "dev": true
    },
    "jquery": {
      "version": "2.1.4",
      "resolved": "https://registry.npmjs.org/jquery/-/jquery-2.1.4.tgz",
      "integrity": "sha1-IoveaYoMYUMdwmMKahVPFYkNIxc=",
      "dev": true
    }
  }
}
